
Microsoft Visual Studio Solution File, Format Version 12.00
# Visual Studio Version 17
VisualStudioVersion = 17.0.32112.339
MinimumVisualStudioVersion = 10.0.40219.1
Project("{FAE04EC0-301F-11D3-BF4B-00C04F79EFBC}") = "ConfigParsers", "ConfigParsers\ConfigParsers.csproj", "{F3EE615E-F3C2-4280-8D75-E8E6D86EDFAC}"
EndProject
Project("{FAE04EC0-301F-11D3-BF4B-00C04F79EFBC}") = "ConsoleApp", "ConsoleApp\ConsoleApp.csproj", "{73D2692F-DB78-4EC1-A129-8D203BF5588E}"
EndProject
Project("{FAE04EC0-301F-11D3-BF4B-00C04F79EFBC}") = "UnitTests", "UnitTests\UnitTests.csproj", "{422ACF78-6880-454D-B04A-B8522C60C5D3}"
EndProject
Global
	GlobalSection(SolutionConfigurationPlatforms) = preSolution
		Debug|Any CPU = Debug|Any CPU
		Release|Any CPU = Release|Any CPU
	EndGlobalSection
	GlobalSection(ProjectConfigurationPlatforms) = postSolution
		{F3EE615E-F3C2-4280-8D75-E8E6D86EDFAC}.Debug|Any CPU.ActiveCfg = Debug|Any CPU
		{F3EE615E-F3C2-4280-8D75-E8E6D86EDFAC}.Debug|Any CPU.Build.0 = Debug|Any CPU
		{F3EE615E-F3C2-4280-8D75-E8E6D86EDFAC}.Release|Any CPU.ActiveCfg = Release|Any CPU
		{F3EE615E-F3C2-4280-8D75-E8E6D86EDFAC}.Release|Any CPU.Build.0 = Release|Any CPU
		{73D2692F-DB78-4EC1-A129-8D203BF5588E}.Debug|Any CPU.ActiveCfg = Debug|Any CPU
		{73D2692F-DB78-4EC1-A129-8D203BF5588E}.Debug|Any CPU.Build.0 = Debug|Any CPU
		{73D2692F-DB78-4EC1-A129-8D203BF5588E}.Release|Any CPU.ActiveCfg = Release|Any CPU
		{73D2692F-DB78-4EC1-A129-8D203BF5588E}.Release|Any CPU.Build.0 = Release|Any CPU
		{422ACF78-6880-454D-B04A-B8522C60C5D3}.Debug|Any CPU.ActiveCfg = Debug|Any CPU
		{422ACF78-6880-454D-B04A-B8522C60C5D3}.Debug|Any CPU.Build.0 = Debug|Any CPU
		{422ACF78-6880-454D-B04A-B8522C60C5D3}.Release|Any CPU.ActiveCfg = Release|Any CPU
		{422ACF78-6880-454D-B04A-B8522C60C5D3}.Release|Any CPU.Build.0 = Release|Any CPU
	EndGlobalSection
	GlobalSection(SolutionProperties) = preSolution
		HideSolutionNode = FALSE
	EndGlobalSection
	GlobalSection(ExtensibilityGlobals) = postSolution
		SolutionGuid = {720E5EDE-6A52-4125-ACFC-E3AAF94482CE}
	EndGlobalSection
EndGlobal
